# This file is automatically @generated by Poetry 1.6.1 and should not be changed by hand.

[[package]]
name = "click"
version = "8.1.7"
description = "Composable command line interface toolkit"
optional = false
python-versions = ">=3.7"
files = [
    {file = "click-8.1.7-py3-none-any.whl", hash = "sha256:ae74fb96c20a0277a1d615f1e4d73c8414f5a98db8b799a7931d1582f3390c28"},
    {file = "click-8.1.7.tar.gz", hash = "sha256:ca9853ad459e787e2192211578cc907e7594e294c7ccc834310722b41b9ca6de"},
]

[package.dependencies]
colorama = {version = "*", markers = "platform_system == \"Windows\""}

[[package]]
name = "colorama"
version = "0.4.6"
description = "Cross-platform colored terminal text."
optional = false
python-versions = "!=3.0.*,!=3.1.*,!=3.2.*,!=3.3.*,!=3.4.*,!=3.5.*,!=3.6.*,>=2.7"
files = [
    {file = "colorama-0.4.6-py2.py3-none-any.whl", hash = "sha256:4f1d9991f5acc0ca119f9d443620b77f9d6b33703e51011c16baf57afb285fc6"},
    {file = "colorama-0.4.6.tar.gz", hash = "sha256:08695f5cb7ed6e0531a20572697297273c47b8cae5a63ffc6d6ed5c201be6e44"},
]

[[package]]
name = "edlib"
version = "1.3.9"
description = "Lightweight, super fast library for sequence alignment using edit (Levenshtein) distance."
optional = false
python-versions = "*"
files = [
    {file = "edlib-1.3.9-cp310-cp310-manylinux_2_17_x86_64.manylinux2014_x86_64.whl", hash = "sha256:ea43f510f64fd0c784bfcab1b352ee4d45674e682ee17cf2fc249c57b6adc011"},
    {file = "edlib-1.3.9-cp310-cp310-musllinux_1_1_i686.whl", hash = "sha256:e43950c99c5d7be68250538fa20cd72532433bfc265300761029a84ff9ae665c"},
    {file = "edlib-1.3.9-cp310-cp310-musllinux_1_1_x86_64.whl", hash = "sha256:d4de3389254c59171d7942f90be5d5496f44c41981e661ce859e8582f975180c"},
    {file = "edlib-1.3.9-cp311-cp311-manylinux_2_17_x86_64.manylinux2014_x86_64.whl", hash = "sha256:8cc9ca8c5e295d5b57868857e28697714962cdc603ee7e60ac76f5a64dc0eb2d"},
    {file = "edlib-1.3.9-cp311-cp311-musllinux_1_1_i686.whl", hash = "sha256:9e80a142f3021470de912474e723e4ab512bce5b9b2914c18b006ef7c162dfea"},
    {file = "edlib-1.3.9-cp311-cp311-musllinux_1_1_x86_64.whl", hash = "sha256:849c8601c6ec4733a0c2bd0d75e959fc426193daf39841e6c360aab73c9dcacc"},
    {file = "edlib-1.3.9-cp35-cp35m-macosx_10_9_x86_64.whl", hash = "sha256:b2f640f3aeeaa681d9f41ce94a38469beb1d1f3662e798dde635b0b62ebfada4"},
    {file = "edlib-1.3.9-cp35-cp35m-manylinux1_x86_64.whl", hash = "sha256:1c7e5137fe5187b09ec00748ef09c3ddd4e3df0356c7c45fce2d938ab63bd221"},
    {file = "edlib-1.3.9-cp35-cp35m-manylinux2010_x86_64.whl", hash = "sha256:edb81a1aad1c390ead8e456b2bd3e549f462f90c4c19b12902a3f84d5716f37c"},
    {file = "edlib-1.3.9-cp36-cp36m-macosx_10_9_x86_64.whl", hash = "sha256:5c4fc8d362a2608dbae7d02c1ff875f79ccbd9153b54c5160d3a8618daeb3109"},
    {file = "edlib-1.3.9-cp36-cp36m-manylinux1_x86_64.whl", hash = "sha256:7f5033d4dc9ae1723348175a96437d3fad2784cdd3944bb9104abbfc633ceeb0"},
    {file = "edlib-1.3.9-cp36-cp36m-manylinux2010_x86_64.whl", hash = "sha256:7fc232ece8ba16c1d3c90819beb51a74fd5e04aec22bd09adbfbcb84b32b2aca"},
    {file = "edlib-1.3.9-cp36-cp36m-manylinux_2_17_x86_64.manylinux2014_x86_64.whl", hash = "sha256:cfa6e3b5497bdc3414dfb41dc0ceb31ef3c803b95d881da2fc7308c306379be3"},
    {file = "edlib-1.3.9-cp36-cp36m-musllinux_1_1_i686.whl", hash = "sha256:03652c2113ed977e6d7b056ebaff40d98e5b1092c5c20e0f49452c64a654490e"},
    {file = "edlib-1.3.9-cp36-cp36m-musllinux_1_1_x86_64.whl", hash = "sha256:65b9ff4dc6731b6916a38ff012a2c594701a226e1ed5f6b1d3f514feef84766d"},
    {file = "edlib-1.3.9-cp37-cp37m-macosx_10_9_x86_64.whl", hash = "sha256:b91a80d3e6763a5ba1ee8f6eb87abb22edd2243d1672b227dc9f8f5eacc2f09e"},
    {file = "edlib-1.3.9-cp37-cp37m-manylinux1_x86_64.whl", hash = "sha256:40af82e085a6b8dac6d055e69ad4e4ca2e502e2a7c8e4b48e7c9c46534f249ec"},
    {file = "edlib-1.3.9-cp37-cp37m-manylinux2010_x86_64.whl", hash = "sha256:d32939d7433c92e836daf6622c1f26252c84a6b7729a0aa93e960e36ffdff386"},
    {file = "edlib-1.3.9-cp37-cp37m-manylinux_2_17_x86_64.manylinux2014_x86_64.whl", hash = "sha256:52ae06e0a4c54011a1caae18b137f53b1f57b2608b5083cd6c2e7e582fd39925"},
    {file = "edlib-1.3.9-cp37-cp37m-musllinux_1_1_i686.whl", hash = "sha256:b2b5410a1338e0e6e41f9b72af5769840eb1a90963051b51fe9284c55e6c4b6c"},
    {file = "edlib-1.3.9-cp37-cp37m-musllinux_1_1_x86_64.whl", hash = "sha256:af4d04cb2919605270676b70a29b83877c7bcb57b4c27afa26e9c0c66bb587b4"},
    {file = "edlib-1.3.9-cp38-cp38-macosx_10_9_x86_64.whl", hash = "sha256:0ee63131cdf127d1f4849aa0f98bf3d6974cc60c1ca51ebefbf3d4356eb9f638"},
    {file = "edlib-1.3.9-cp38-cp38-manylinux1_x86_64.whl", hash = "sha256:b1e5d136091383bb5b1ebc6b5a74feeb0651b4455c6630be11594a84c02e9ba6"},
    {file = "edlib-1.3.9-cp38-cp38-manylinux2010_x86_64.whl", hash = "sha256:21099859eaa656bea35e21ce0d8562df57e55838812a43521cd46096a5d206ff"},
    {file = "edlib-1.3.9-cp38-cp38-manylinux_2_17_x86_64.manylinux2014_x86_64.whl", hash = "sha256:5467333846538a14a6410885ffe2097eab6685f81942c6ffa8c68ca834ff79e1"},
    {file = "edlib-1.3.9-cp38-cp38-musllinux_1_1_i686.whl", hash = "sha256:6a906af39c40e9391ac7e75b92e86fa858f48e54f59a0f44df39749e6f616928"},
    {file = "edlib-1.3.9-cp38-cp38-musllinux_1_1_x86_64.whl", hash = "sha256:d32736c155e3d52f0bbd5ff14d5a3b2bcf3d9291aed060179754387ebc871119"},
    {file = "edlib-1.3.9-cp39-cp39-macosx_10_9_x86_64.whl", hash = "sha256:402c17b2ee5c684c543fb5120ca2a24a288a798d083839bf8cab2560808ca4df"},
    {file = "edlib-1.3.9-cp39-cp39-manylinux1_x86_64.whl", hash = "sha256:499ec22da9f078a199c73b5e1455e31130e4026baacc0b84e9c516fcea551ad0"},
    {file = "edlib-1.3.9-cp39-cp39-manylinux2010_x86_64.whl", hash = "sha256:20d3743e231334ed8f3db3b400dd5b3db66b8eca5f6176114fef947978c20293"},
    {file = "edlib-1.3.9-cp39-cp39-manylinux_2_17_x86_64.manylinux2014_x86_64.whl", hash = "sha256:fc5257b90edecc476eadcc08144932ef99ebee307b8dbb49568a69578706a72a"},
    {file = "edlib-1.3.9-cp39-cp39-musllinux_1_1_i686.whl", hash = "sha256:a29312e40f01fdae3f9aa4222e4a5cc7dc878991fe560d061a2b9a96a2c20498"},
    {file = "edlib-1.3.9-cp39-cp39-musllinux_1_1_x86_64.whl", hash = "sha256:a395efe582889cecea0a5c38a4fca4a6c24a7023c4ba0b30621abc140fc45c04"},
    {file = "edlib-1.3.9.tar.gz", hash = "sha256:64c3dfab3ebe3e759565a0cc71eb4df23cf3ce1713fd558af3c473dddc2a3766"},
]

[[package]]
name = "needletail"
version = "0.5.0"
description = "FASTX parsing and k-mer methods"
optional = false
python-versions = "*"
files = [
    {file = "needletail-0.5.0-cp310-cp310-macosx_10_7_x86_64.whl", hash = "sha256:7a6829308ff66c9e865927609ed2bae2eca14049a9963b79fc77dd061a3198d5"},
    {file = "needletail-0.5.0-cp310-cp310-macosx_11_0_arm64.whl", hash = "sha256:531a12fbe688161bd26441dbcf167970ad211dc8c27b4d80b8bf82106e853f5b"},
    {file = "needletail-0.5.0-cp310-cp310-manylinux_2_17_aarch64.manylinux2014_aarch64.whl", hash = "sha256:8c960065a1f663433edf49cd892640684fcc2d30c617026265b87256db669025"},
    {file = "needletail-0.5.0-cp310-cp310-manylinux_2_17_x86_64.manylinux2014_x86_64.whl", hash = "sha256:bb9eeb478545ff41752a583056913e6df8f2a7e30e12d05b62a9b6c29258ea18"},
    {file = "needletail-0.5.0-cp311-cp311-manylinux_2_17_aarch64.manylinux2014_aarch64.whl", hash = "sha256:c548b702dffe2ad871576ed39521e322f85db1b2851f639b98fd0ae2341a937d"},
    {file = "needletail-0.5.0-cp311-cp311-manylinux_2_17_x86_64.manylinux2014_x86_64.whl", hash = "sha256:0f805e6d3d2e402d836182e20cbd29b883fb3759e7909bd943c670169be9a700"},
    {file = "needletail-0.5.0-cp37-cp37m-manylinux_2_17_aarch64.manylinux2014_aarch64.whl", hash = "sha256:892e7b9c301c64f48c8cb841ebe7e91ce62c070e60f3faeeedd41120468868af"},
    {file = "needletail-0.5.0-cp37-cp37m-manylinux_2_17_x86_64.manylinux2014_x86_64.whl", hash = "sha256:5c93c89aeadd141b076d377d1d23a0e01162af4753c11628d5e18fe84e9344b6"},
    {file = "needletail-0.5.0-cp38-cp38-manylinux_2_17_aarch64.manylinux2014_aarch64.whl", hash = "sha256:9132b325ffe111607eed06bc86313037ce6be0001e94da7c90e46d642e489eeb"},
    {file = "needletail-0.5.0-cp38-cp38-manylinux_2_17_x86_64.manylinux2014_x86_64.whl", hash = "sha256:457c4b13f7661e74bb2e625bc6d6b1b59997ac3983c7dc36e9bffd9248b80627"},
    {file = "needletail-0.5.0-cp39-cp39-manylinux_2_17_aarch64.manylinux2014_aarch64.whl", hash = "sha256:06886a45991e1567ccc271c18b28185b7de0740a078742d6393315d708c3e9ab"},
    {file = "needletail-0.5.0-cp39-cp39-manylinux_2_17_x86_64.manylinux2014_x86_64.whl", hash = "sha256:b9b2b9570bf2062a99bf0429f4ba7bcecda2d3ee954d34a4fa928f44aeb0444e"},
    {file = "needletail-0.5.0-pp37-pypy37_pp73-manylinux_2_17_aarch64.manylinux2014_aarch64.whl", hash = "sha256:21b283f39915d0354d69b99efb8cbfc9d4619190226ef5ebf2a1aae6b655d982"},
    {file = "needletail-0.5.0-pp37-pypy37_pp73-manylinux_2_17_x86_64.manylinux2014_x86_64.whl", hash = "sha256:05c77bba1f5f7611df65ec1fa4ed3536844b46e92928b3d18abd27e1d0f0e7c6"},
    {file = "needletail-0.5.0-pp38-pypy38_pp73-manylinux_2_17_aarch64.manylinux2014_aarch64.whl", hash = "sha256:9666dd7fa76b63fb6d48a59f97e177f3f20734d3a93b459367da962f9d63b646"},
    {file = "needletail-0.5.0-pp38-pypy38_pp73-manylinux_2_17_x86_64.manylinux2014_x86_64.whl", hash = "sha256:1ac331a1c73e1862f1ed640d73fd25020813672a3ca7c81875a915dff035224e"},
    {file = "needletail-0.5.0-pp39-pypy39_pp73-manylinux_2_17_aarch64.manylinux2014_aarch64.whl", hash = "sha256:ee204f731c82b6c0efcde8d5c8e8bca233c680b5c255cb837a2dafbce533453a"},
    {file = "needletail-0.5.0-pp39-pypy39_pp73-manylinux_2_17_x86_64.manylinux2014_x86_64.whl", hash = "sha256:39d20c445d4e2e54e35de47cccff199332ac6e65f335dd6c087b5c073dbe64a7"},
]

[[package]]
name = "numpy"
version = "2.1.0"
description = "Fundamental package for array computing in Python"
optional = false
python-versions = ">=3.10"
files = [
    {file = "numpy-2.1.0-cp310-cp310-macosx_10_9_x86_64.whl", hash = "sha256:6326ab99b52fafdcdeccf602d6286191a79fe2fda0ae90573c5814cd2b0bc1b8"},
    {file = "numpy-2.1.0-cp310-cp310-macosx_11_0_arm64.whl", hash = "sha256:0937e54c09f7a9a68da6889362ddd2ff584c02d015ec92672c099b61555f8911"},
    {file = "numpy-2.1.0-cp310-cp310-macosx_14_0_arm64.whl", hash = "sha256:30014b234f07b5fec20f4146f69e13cfb1e33ee9a18a1879a0142fbb00d47673"},
    {file = "numpy-2.1.0-cp310-cp310-macosx_14_0_x86_64.whl", hash = "sha256:899da829b362ade41e1e7eccad2cf274035e1cb36ba73034946fccd4afd8606b"},
    {file = "numpy-2.1.0-cp310-cp310-manylinux_2_17_aarch64.manylinux2014_aarch64.whl", hash = "sha256:08801848a40aea24ce16c2ecde3b756f9ad756586fb2d13210939eb69b023f5b"},
    {file = "numpy-2.1.0-cp310-cp310-manylinux_2_17_x86_64.manylinux2014_x86_64.whl", hash = "sha256:398049e237d1aae53d82a416dade04defed1a47f87d18d5bd615b6e7d7e41d1f"},
    {file = "numpy-2.1.0-cp310-cp310-musllinux_1_1_x86_64.whl", hash = "sha256:0abb3916a35d9090088a748636b2c06dc9a6542f99cd476979fb156a18192b84"},
    {file = "numpy-2.1.0-cp310-cp310-musllinux_1_2_aarch64.whl", hash = "sha256:10e2350aea18d04832319aac0f887d5fcec1b36abd485d14f173e3e900b83e33"},
    {file = "numpy-2.1.0-cp310-cp310-win32.whl", hash = "sha256:f6b26e6c3b98adb648243670fddc8cab6ae17473f9dc58c51574af3e64d61211"},
    {file = "numpy-2.1.0-cp310-cp310-win_amd64.whl", hash = "sha256:f505264735ee074250a9c78247ee8618292091d9d1fcc023290e9ac67e8f1afa"},
    {file = "numpy-2.1.0-cp311-cp311-macosx_10_9_x86_64.whl", hash = "sha256:76368c788ccb4f4782cf9c842b316140142b4cbf22ff8db82724e82fe1205dce"},
    {file = "numpy-2.1.0-cp311-cp311-macosx_14_0_arm64.whl", hash = "sha256:f8e93a01a35be08d31ae33021e5268f157a2d60ebd643cfc15de6ab8e4722eb1"},
    {file = "numpy-2.1.0-cp311-cp311-macosx_14_0_x86_64.whl", hash = "sha256:9523f8b46485db6939bd069b28b642fec86c30909cea90ef550373787f79530e"},
    {file = "numpy-2.1.0-cp311-cp311-manylinux_2_17_aarch64.manylinux2014_aarch64.whl", hash = "sha256:54139e0eb219f52f60656d163cbe67c31ede51d13236c950145473504fa208cb"},
    {file = "numpy-2.1.0-cp311-cp311-manylinux_2_17_x86_64.manylinux2014_x86_64.whl", hash = "sha256:f5ebbf9fbdabed208d4ecd2e1dfd2c0741af2f876e7ae522c2537d404ca895c3"},
    {file = "numpy-2.1.0-cp311-cp311-musllinux_1_1_x86_64.whl", hash = "sha256:378cb4f24c7d93066ee4103204f73ed046eb88f9ad5bb2275bb9fa0f6a02bd36"},
    {file = "numpy-2.1.0-cp311-cp311-musllinux_1_2_aarch64.whl", hash = "sha256:d8f699a709120b220dfe173f79c73cb2a2cab2c0b88dd59d7b49407d032b8ebd"},
    {file = "numpy-2.1.0-cp311-cp311-win32.whl", hash = "sha256:ffbd6faeb190aaf2b5e9024bac9622d2ee549b7ec89ef3a9373fa35313d44e0e"},
    {file = "numpy-2.1.0-cp311-cp311-win_amd64.whl", hash = "sha256:0af3a5987f59d9c529c022c8c2a64805b339b7ef506509fba7d0556649b9714b"},
    {file = "numpy-2.1.0-cp312-cp312-macosx_10_9_x86_64.whl", hash = "sha256:fe76d75b345dc045acdbc006adcb197cc680754afd6c259de60d358d60c93736"},
    {file = "numpy-2.1.0-cp312-cp312-macosx_11_0_arm64.whl", hash = "sha256:f358ea9e47eb3c2d6eba121ab512dfff38a88db719c38d1e67349af210bc7529"},
    {file = "numpy-2.1.0-cp312-cp312-macosx_14_0_arm64.whl", hash = "sha256:dd94ce596bda40a9618324547cfaaf6650b1a24f5390350142499aa4e34e53d1"},
    {file = "numpy-2.1.0-cp312-cp312-macosx_14_0_x86_64.whl", hash = "sha256:b47c551c6724960479cefd7353656498b86e7232429e3a41ab83be4da1b109e8"},
    {file = "numpy-2.1.0-cp312-cp312-manylinux_2_17_aarch64.manylinux2014_aarch64.whl", hash = "sha256:a0756a179afa766ad7cb6f036de622e8a8f16ffdd55aa31f296c870b5679d745"},
    {file = "numpy-2.1.0-cp312-cp312-manylinux_2_17_x86_64.manylinux2014_x86_64.whl", hash = "sha256:24003ba8ff22ea29a8c306e61d316ac74111cebf942afbf692df65509a05f111"},
    {file = "numpy-2.1.0-cp312-cp312-musllinux_1_1_x86_64.whl", hash = "sha256:b34fa5e3b5d6dc7e0a4243fa0f81367027cb6f4a7215a17852979634b5544ee0"},
    {file = "numpy-2.1.0-cp312-cp312-musllinux_1_2_aarch64.whl", hash = "sha256:c4f982715e65036c34897eb598d64aef15150c447be2cfc6643ec7a11af06574"},
    {file = "numpy-2.1.0-cp312-cp312-win32.whl", hash = "sha256:c4cd94dfefbefec3f8b544f61286584292d740e6e9d4677769bc76b8f41deb02"},
    {file = "numpy-2.1.0-cp312-cp312-win_amd64.whl", hash = "sha256:a0cdef204199278f5c461a0bed6ed2e052998276e6d8ab2963d5b5c39a0500bc"},
    {file = "numpy-2.1.0-cp313-cp313-macosx_10_13_x86_64.whl", hash = "sha256:8ab81ccd753859ab89e67199b9da62c543850f819993761c1e94a75a814ed667"},
    {file = "numpy-2.1.0-cp313-cp313-macosx_11_0_arm64.whl", hash = "sha256:442596f01913656d579309edcd179a2a2f9977d9a14ff41d042475280fc7f34e"},
    {file = "numpy-2.1.0-cp313-cp313-macosx_14_0_arm64.whl", hash = "sha256:848c6b5cad9898e4b9ef251b6f934fa34630371f2e916261070a4eb9092ffd33"},
    {file = "numpy-2.1.0-cp313-cp313-macosx_14_0_x86_64.whl", hash = "sha256:54c6a63e9d81efe64bfb7bcb0ec64332a87d0b87575f6009c8ba67ea6374770b"},
    {file = "numpy-2.1.0-cp313-cp313-manylinux_2_17_aarch64.manylinux2014_aarch64.whl", hash = "sha256:652e92fc409e278abdd61e9505649e3938f6d04ce7ef1953f2ec598a50e7c195"},
    {file = "numpy-2.1.0-cp313-cp313-manylinux_2_17_x86_64.manylinux2014_x86_64.whl", hash = "sha256:0ab32eb9170bf8ffcbb14f11613f4a0b108d3ffee0832457c5d4808233ba8977"},
    {file = "numpy-2.1.0-cp313-cp313-musllinux_1_1_x86_64.whl", hash = "sha256:8fb49a0ba4d8f41198ae2d52118b050fd34dace4b8f3fb0ee34e23eb4ae775b1"},
    {file = "numpy-2.1.0-cp313-cp313-musllinux_1_2_aarch64.whl", hash = "sha256:44e44973262dc3ae79e9063a1284a73e09d01b894b534a769732ccd46c28cc62"},
    {file = "numpy-2.1.0-cp313-cp313-win32.whl", hash = "sha256:ab83adc099ec62e044b1fbb3a05499fa1e99f6d53a1dde102b2d85eff66ed324"},
    {file = "numpy-2.1.0-cp313-cp313-win_amd64.whl", hash = "sha256:de844aaa4815b78f6023832590d77da0e3b6805c644c33ce94a1e449f16d6ab5"},
    {file = "numpy-2.1.0-cp313-cp313t-macosx_10_13_x86_64.whl", hash = "sha256:343e3e152bf5a087511cd325e3b7ecfd5b92d369e80e74c12cd87826e263ec06"},
    {file = "numpy-2.1.0-cp313-cp313t-macosx_11_0_arm64.whl", hash = "sha256:f07fa2f15dabe91259828ce7d71b5ca9e2eb7c8c26baa822c825ce43552f4883"},
    {file = "numpy-2.1.0-cp313-cp313t-macosx_14_0_arm64.whl", hash = "sha256:5474dad8c86ee9ba9bb776f4b99ef2d41b3b8f4e0d199d4f7304728ed34d0300"},
    {file = "numpy-2.1.0-cp313-cp313t-macosx_14_0_x86_64.whl", hash = "sha256:1f817c71683fd1bb5cff1529a1d085a57f02ccd2ebc5cd2c566f9a01118e3b7d"},
    {file = "numpy-2.1.0-cp313-cp313t-manylinux_2_17_aarch64.manylinux2014_aarch64.whl", hash = "sha256:3a3336fbfa0d38d3deacd3fe7f3d07e13597f29c13abf4d15c3b6dc2291cbbdd"},
    {file = "numpy-2.1.0-cp313-cp313t-manylinux_2_17_x86_64.manylinux2014_x86_64.whl", hash = "sha256:7a894c51fd8c4e834f00ac742abad73fc485df1062f1b875661a3c1e1fb1c2f6"},
    {file = "numpy-2.1.0-cp313-cp313t-musllinux_1_1_x86_64.whl", hash = "sha256:9156ca1f79fc4acc226696e95bfcc2b486f165a6a59ebe22b2c1f82ab190384a"},
    {file = "numpy-2.1.0-cp313-cp313t-musllinux_1_2_aarch64.whl", hash = "sha256:624884b572dff8ca8f60fab591413f077471de64e376b17d291b19f56504b2bb"},
    {file = "numpy-2.1.0-pp310-pypy310_pp73-macosx_10_15_x86_64.whl", hash = "sha256:15ef8b2177eeb7e37dd5ef4016f30b7659c57c2c0b57a779f1d537ff33a72c7b"},
    {file = "numpy-2.1.0-pp310-pypy310_pp73-macosx_14_0_x86_64.whl", hash = "sha256:e5f0642cdf4636198a4990de7a71b693d824c56a757862230454629cf62e323d"},
    {file = "numpy-2.1.0-pp310-pypy310_pp73-manylinux_2_17_x86_64.manylinux2014_x86_64.whl", hash = "sha256:f15976718c004466406342789f31b6673776360f3b1e3c575f25302d7e789575"},
    {file = "numpy-2.1.0-pp310-pypy310_pp73-win_amd64.whl", hash = "sha256:6c1de77ded79fef664d5098a66810d4d27ca0224e9051906e634b3f7ead134c2"},
    {file = "numpy-2.1.0.tar.gz", hash = "sha256:7dc90da0081f7e1da49ec4e398ede6a8e9cc4f5ebe5f9e06b443ed889ee9aaa2"},
]

[[package]]
name = "parasail"
version = "1.3.4"
description = "pairwise sequence alignment library"
optional = false
python-versions = "*"
files = [
    {file = "parasail-1.3.4-py2.py3-none-macosx_10_9_x86_64.whl", hash = "sha256:58bb1a981ccab67721f88da070e305d04e5e4e35aac51dadd278301e6c799c93"},
    {file = "parasail-1.3.4-py2.py3-none-manylinux_2_17_x86_64.manylinux2014_x86_64.whl", hash = "sha256:ede927ccbd8cd4180c33c4c44af9d720aedb31d098b2a83cdc32ba0059d7ea59"},
    {file = "parasail-1.3.4-py2.py3-none-musllinux_1_1_i686.whl", hash = "sha256:e58b2d3cf1dd3a4c399e835861fbfd8d725abf3f7de2bd21cdee1d36c65f5e12"},
    {file = "parasail-1.3.4-py2.py3-none-win32.whl", hash = "sha256:bccd9b561e87b345aa5676facfb2555da395dd56d202b293d1a6ee1488788257"},
    {file = "parasail-1.3.4-py2.py3-none-win_amd64.whl", hash = "sha256:25b8260b922933c8e7e8ce008ddcbbff4ef998b7d077169ed441d70ab7a78b5a"},
    {file = "parasail-1.3.4.tar.gz", hash = "sha256:d6a7035dfae3ef5aafdd7e6915711214c22b572ea059fa69d9d7ecbfb9b61b0f"},
]

[package.dependencies]
numpy = "*"

[[package]]
name = "tqdm"
version = "4.66.5"
description = "Fast, Extensible Progress Meter"
optional = false
python-versions = ">=3.7"
files = [
    {file = "tqdm-4.66.5-py3-none-any.whl", hash = "sha256:90279a3770753eafc9194a0364852159802111925aa30eb3f9d85b0e805ac7cd"},
    {file = "tqdm-4.66.5.tar.gz", hash = "sha256:e1020aef2e5096702d8a025ac7d16b1577279c9d63f8375b63083e9a5f0fcbad"},
]

[package.dependencies]
colorama = {version = "*", markers = "platform_system == \"Windows\""}

[package.extras]
dev = ["pytest (>=6)", "pytest-cov", "pytest-timeout", "pytest-xdist"]
notebook = ["ipywidgets (>=6)"]
slack = ["slack-sdk"]
telegram = ["requests"]

[metadata]
lock-version = "2.0"
python-versions = ">=3.10,<3.12"
content-hash = "a6ddf1028dcc8696d0977dda81e98679974e869405149f1e5aff8150b9821013"
